// !$*UTF8*$!
{
	archiveVersion = 1;
	classes = {
	};
	objectVersion = 55;
	objects = {

/* Begin PBXBuildFile section */
		81404EA827D774D00069A9F0 /* VideoPlayerExampleApp.swift in Sources */ = {isa = PBXBuildFile; fileRef = 81404EA727D774D00069A9F0 /* VideoPlayerExampleApp.swift */; };
		81404EAA27D774D00069A9F0 /* ContentView.swift in Sources */ = {isa = PBXBuildFile; fileRef = 81404EA927D774D00069A9F0 /* ContentView.swift */; };
		81404EAC27D774D10069A9F0 /* Assets.xcassets in Resources */ = {isa = PBXBuildFile; fileRef = 81404EAB27D774D10069A9F0 /* Assets.xcassets */; };
		81404EAF27D774D10069A9F0 /* Preview Assets.xcassets in Resources */ = {isa = PBXBuildFile; fileRef = 81404EAE27D774D10069A9F0 /* Preview Assets.xcassets */; };
		81404EB627D775030069A9F0 /* cultivate-to-news-clip.m4v in Resources */ = {isa = PBXBuildFile; fileRef = 81404EB527D775030069A9F0 /* cultivate-to-news-clip.m4v */; };
		81404EBA27D77C700069A9F0 /* RemoteVideoView.swift in Sources */ = {isa = PBXBuildFile; fileRef = 81404EB927D77C700069A9F0 /* RemoteVideoView.swift */; };
		81404EBC27D77C8E0069A9F0 /* BundledVideoView.swift in Sources */ = {isa = PBXBuildFile; fileRef = 81404EBB27D77C8E0069A9F0 /* BundledVideoView.swift */; };
		81404EBE27D77CE70069A9F0 /* README.md in Resources */ = {isa = PBXBuildFile; fileRef = 81404EBD27D77CE70069A9F0 /* README.md */; };
		81404EC327D79BA00069A9F0 /* Video.swift in Sources */ = {isa = PBXBuildFile; fileRef = 81404EC227D79BA00069A9F0 /* Video.swift */; };
/* End PBXBuildFile section */

/* Begin PBXFileReference section */
		81404EA427D774D00069A9F0 /* VideoPlayerExample.app */ = {isa = PBXFileReference; explicitFileType = wrapper.application; includeInIndex = 0; path = VideoPlayerExample.app; sourceTree = BUILT_PRODUCTS_DIR; };
		81404EA727D774D00069A9F0 /* VideoPlayerExampleApp.swift */ = {isa = PBXFileReference; lastKnownFileType = sourcecode.swift; path = VideoPlayerExampleApp.swift; sourceTree = "<group>"; };
		81404EA927D774D00069A9F0 /* ContentView.swift */ = {isa = PBXFileReference; lastKnownFileType = sourcecode.swift; path = ContentView.swift; sourceTree = "<group>"; };
		81404EAB27D774D10069A9F0 /* Assets.xcassets */ = {isa = PBXFileReference; lastKnownFileType = folder.assetcatalog; path = Assets.xcassets; sourceTree = "<group>"; };
		81404EAE27D774D10069A9F0 /* Preview Assets.xcassets */ = {isa = PBXFileReference; lastKnownFileType = folder.assetcatalog; path = "Preview Assets.xcassets"; sourceTree = "<group>"; };
		81404EB527D775030069A9F0 /* cultivate-to-news-clip.m4v */ = {isa = PBXFileReference; lastKnownFileType = file; path = "cultivate-to-news-clip.m4v"; sourceTree = "<group>"; };
		81404EB927D77C700069A9F0 /* RemoteVideoView.swift */ = {isa = PBXFileReference; lastKnownFileType = sourcecode.swift; path = RemoteVideoView.swift; sourceTree = "<group>"; };
		81404EBB27D77C8E0069A9F0 /* BundledVideoView.swift */ = {isa = PBXFileReference; lastKnownFileType = sourcecode.swift; path = BundledVideoView.swift; sourceTree = "<group>"; };
		81404EBD27D77CE70069A9F0 /* README.md */ = {isa = PBXFileReference; lastKnownFileType = net.daringfireball.markdown; path = README.md; sourceTree = "<group>"; };
		81404EC227D79BA00069A9F0 /* Video.swift */ = {isa = PBXFileReference; lastKnownFileType = sourcecode.swift; path = Video.swift; sourceTree = "<group>"; };
/* End PBXFileReference section */

/* Begin PBXFrameworksBuildPhase section */
		81404EA127D774D00069A9F0 /* Frameworks */ = {
			isa = PBXFrameworksBuildPhase;
			buildActionMask = 2147483647;
			files = (
			);
			runOnlyForDeploymentPostprocessing = 0;
		};
/* End PBXFrameworksBuildPhase section */

/* Begin PBXGroup section */
		81404E9B27D774D00069A9F0 = {
			isa = PBXGroup;
			children = (
				81404EBD27D77CE70069A9F0 /* README.md */,
				81404EA627D774D00069A9F0 /* VideoPlayerExample */,
				81404EA527D774D00069A9F0 /* Products */,
			);
			sourceTree = "<group>";
		};
		81404EA527D774D00069A9F0 /* Products */ = {
			isa = PBXGroup;
			children = (
				81404EA427D774D00069A9F0 /* VideoPlayerExample.app */,
			);
			name = Products;
			sourceTree = "<group>";
		};
		81404EA627D774D00069A9F0 /* VideoPlayerExample */ = {
			isa = PBXGroup;
			children = (
				81404EA727D774D00069A9F0 /* VideoPlayerExampleApp.swift */,
				81404EBF27D79B5F0069A9F0 /* Model */,
				81404EC027D79B700069A9F0 /* Videos */,
				81404EC127D79B850069A9F0 /* Views */,
				81404EAB27D774D10069A9F0 /* Assets.xcassets */,
				81404EAD27D774D10069A9F0 /* Preview Content */,
			);
			path = VideoPlayerExample;
			sourceTree = "<group>";
		};
		81404EAD27D774D10069A9F0 /* Preview Content */ = {
			isa = PBXGroup;
			children = (
				81404EAE27D774D10069A9F0 /* Preview Assets.xcassets */,
			);
			path = "Preview Content";
			sourceTree = "<group>";
		};
		81404EBF27D79B5F0069A9F0 /* Model */ = {
			isa = PBXGroup;
			children = (
				81404EC227D79BA00069A9F0 /* Video.swift */,
			);
			path = Model;
			sourceTree = "<group>";
		};
		81404EC027D79B700069A9F0 /* Videos */ = {
			isa = PBXGroup;
			children = (
				81404EB527D775030069A9F0 /* cultivate-to-news-clip.m4v */,
			);
			path = Videos;
			sourceTree = "<group>";
		};
		81404EC127D79B850069A9F0 /* Views */ = {
			isa = PBXGroup;
			children = (
				81404EA927D774D00069A9F0 /* ContentView.swift */,
				81404EBB27D77C8E0069A9F0 /* BundledVideoView.swift */,
				81404EB927D77C700069A9F0 /* RemoteVideoView.swift */,
			);
			path = Views;
			sourceTree = "<group>";
		};
/* End PBXGroup section */

/* Begin PBXNativeTarget section */
		81404EA327D774D00069A9F0 /* VideoPlayerExample */ = {
			isa = PBXNativeTarget;
			buildConfigurationList = 81404EB227D774D10069A9F0 /* Build configuration list for PBXNativeTarget "VideoPlayerExample" */;
			buildPhases = (
				81404EA027D774D00069A9F0 /* Sources */,
				81404EA127D774D00069A9F0 /* Frameworks */,
				81404EA227D774D00069A9F0 /* Resources */,
			);
			buildRules = (
			);
			dependencies = (
			);
			name = VideoPlayerExample;
			productName = VideoPlayerExample;
			productReference = 81404EA427D774D00069A9F0 /* VideoPlayerExample.app */;
			productType = "com.apple.product-type.application";
		};
/* End PBXNativeTarget section */

/* Begin PBXProject section */
		81404E9C27D774D00069A9F0 /* Project object */ = {
			isa = PBXProject;
			attributes = {
				BuildIndependentTargetsInParallel = 1;
				LastSwiftUpdateCheck = 1320;
				LastUpgradeCheck = 1320;
				TargetAttributes = {
					81404EA327D774D00069A9F0 = {
						CreatedOnToolsVersion = 13.2.1;
					};
				};
			};
			buildConfigurationList = 81404E9F27D774D00069A9F0 /* Build configuration list for PBXProject "VideoPlayerExample" */;
			compatibilityVersion = "Xcode 13.0";
			developmentRegion = en;
			hasScannedForEncodings = 0;
			knownRegions = (
				en,
				Base,
			);
			mainGroup = 81404E9B27D774D00069A9F0;
			productRefGroup = 81404EA527D774D00069A9F0 /* Products */;
			projectDirPath = "";
			projectRoot = "";
			targets = (
				81404EA327D774D00069A9F0 /* VideoPlayerExample */,
			);
		};
/* End PBXProject section */

/* Begin PBXResourcesBuildPhase section */
		81404EA227D774D00069A9F0 /* Resources */ = {
			isa = PBXResourcesBuildPhase;
			buildActionMask = 2147483647;
			files = (
				81404EAF27D774D10069A9F0 /* Preview Assets.xcassets in Resources */,
				81404EB627D775030069A9F0 /* cultivate-to-news-clip.m4v in Resources */,
				81404EBE27D77CE70069A9F0 /* README.md in Resources */,
				81404EAC27D774D10069A9F0 /* Assets.xcassets in Resources */,
			);
			runOnlyForDeploymentPostprocessing = 0;
		};
/* End PBXResourcesBuildPhase section */

/* Begin PBXSourcesBuildPhase section */
		81404EA027D774D00069A9F0 /* Sources */ = {
			isa = PBXSourcesBuildPhase;
			buildActionMask = 2147483647;
			files = (
				81404EAA27D774D00069A9F0 /* ContentView.swift in Sources */,
				81404EBA27D77C700069A9F0 /* RemoteVideoView.swift in Sources */,
				81404EA827D774D00069A9F0 /* VideoPlayerExampleApp.swift in Sources */,
				81404EBC27D77C8E0069A9F0 /* BundledVideoView.swift in Sources */,
				81404EC327D79BA00069A9F0 /* Video.swift in Sources */,
			);
			runOnlyForDeploymentPostprocessing = 0;
		};
/* End PBXSourcesBuildPhase section */

/* Begin XCBuildConfiguration section */
		81404EB027D774D10069A9F0 /* Debug */ = {
			isa = XCBuildConfiguration;
			buildSettings = {
				ALWAYS_SEARCH_USER_PATHS = NO;
				CLANG_ANALYZER_NONNULL = YES;
				CLANG_ANALYZER_NUMBER_OBJECT_CONVERSION = YES_AGGRESSIVE;
				CLANG_CXX_LANGUAGE_STANDARD = "gnu++17";
				CLANG_CXX_LIBRARY = "libc++";
				CLANG_ENABLE_MODULES = YES;
				CLANG_ENABLE_OBJC_ARC = YES;
				CLANG_ENABLE_OBJC_WEAK = YES;
				CLANG_WARN_BLOCK_CAPTURE_AUTORELEASING = YES;
				CLANG_WARN_BOOL_CONVERSION = YES;
				CLANG_WARN_COMMA = YES;
				CLANG_WARN_CONSTANT_CONVERSION = YES;
				CLANG_WARN_DEPRECATED_OBJC_IMPLEMENTATIONS = YES;
				CLANG_WARN_DIRECT_OBJC_ISA_USAGE = YES_ERROR;
				CLANG_WARN_DOCUMENTATION_COMMENTS = YES;
				CLANG_WARN_EMPTY_BODY = YES;
				CLANG_WARN_ENUM_CONVERSION = YES;
				CLANG_WARN_INFINITE_RECURSION = YES;
				CLANG_WARN_INT_CONVERSION = YES;
				CLANG_WARN_NON_LITERAL_NULL_CONVERSION = YES;
				CLANG_WARN_OBJC_IMPLICIT_RETAIN_SELF = YES;
				CLANG_WARN_OBJC_LITERAL_CONVERSION = YES;
				CLANG_WARN_OBJC_ROOT_CLASS = YES_ERROR;
				CLANG_WARN_QUOTED_INCLUDE_IN_FRAMEWORK_HEADER = YES;
				CLANG_WARN_RANGE_LOOP_ANALYSIS = YES;
				CLANG_WARN_STRICT_PROTOTYPES = YES;
				CLANG_WARN_SUSPICIOUS_MOVE = YES;
				CLANG_WARN_UNGUARDED_AVAILABILITY = YES_AGGRESSIVE;
				CLANG_WARN_UNREACHABLE_CODE = YES;
				CLANG_WARN__DUPLICATE_METHOD_MATCH = YES;
				COPY_PHASE_STRIP = NO;
				DEBUG_INFORMATION_FORMAT = dwarf;
				ENABLE_STRICT_OBJC_MSGSEND = YES;
				ENABLE_TESTABILITY = YES;
				GCC_C_LANGUAGE_STANDARD = gnu11;
				GCC_DYNAMIC_NO_PIC = NO;
				GCC_NO_COMMON_BLOCKS = YES;
				GCC_OPTIMIZATION_LEVEL = 0;
				GCC_PREPROCESSOR_DEFINITIONS = (
					"DEBUG=1",
					"$(inherited)",
				);
				GCC_WARN_64_TO_32_BIT_CONVERSION = YES;
				GCC_WARN_ABOUT_RETURN_TYPE = YES_ERROR;
				GCC_WARN_UNDECLARED_SELECTOR = YES;
				GCC_WARN_UNINITIALIZED_AUTOS = YES_AGGRESSIVE;
				GCC_WARN_UNUSED_FUNCTION = YES;
				GCC_WARN_UNUSED_VARIABLE = YES;
				IPHONEOS_DEPLOYMENT_TARGET = 15.2;
				MTL_ENABLE_DEBUG_INFO = INCLUDE_SOURCE;
				MTL_FAST_MATH = YES;
				ONLY_ACTIVE_ARCH = YES;
				SDKROOT = iphoneos;
				SWIFT_ACTIVE_COMPILATION_CONDITIONS = DEBUG;
				SWIFT_OPTIMIZATION_LEVEL = "-Onone";
			};
			name = Debug;
		};
		81404EB127D774D10069A9F0 /* Release */ = {
			isa = XCBuildConfiguration;
			buildSettings = {
				ALWAYS_SEARCH_USER_PATHS = NO;
				CLANG_ANALYZER_NONNULL = YES;
				CLANG_ANALYZER_NUMBER_OBJECT_CONVERSION = YES_AGGRESSIVE;
				CLANG_CXX_LANGUAGE_STANDARD = "gnu++17";
				CLANG_CXX_LIBRARY = "libc++";
				CLANG_ENABLE_MODULES = YES;
				CLANG_ENABLE_OBJC_ARC = YES;
				CLANG_ENABLE_OBJC_WEAK = YES;
				CLANG_WARN_BLOCK_CAPTURE_AUTORELEASING = YES;
				CLANG_WARN_BOOL_CONVERSION = YES;
				CLANG_WARN_COMMA = YES;
				CLANG_WARN_CONSTANT_CONVERSION = YES;
				CLANG_WARN_DEPRECATED_OBJC_IMPLEMENTATIONS = YES;
				CLANG_WARN_DIRECT_OBJC_ISA_USAGE = YES_ERROR;
				CLANG_WARN_DOCUMENTATION_COMMENTS = YES;
				CLANG_WARN_EMPTY_BODY = YES;
				CLANG_WARN_ENUM_CONVERSION = YES;
				CLANG_WARN_INFINITE_RECURSION = YES;
				CLANG_WARN_INT_CONVERSION = YES;
				CLANG_WARN_NON_LITERAL_NULL_CONVERSION = YES;
				CLANG_WARN_OBJC_IMPLICIT_RETAIN_SELF = YES;
				CLANG_WARN_OBJC_LITERAL_CONVERSION = YES;
				CLANG_WARN_OBJC_ROOT_CLASS = YES_ERROR;
				CLANG_WARN_QUOTED_INCLUDE_IN_FRAMEWORK_HEADER = YES;
				CLANG_WARN_RANGE_LOOP_ANALYSIS = YES;
				CLANG_WARN_STRICT_PROTOTYPES = YES;
				CLANG_WARN_SUSPICIOUS_MOVE = YES;
				CLANG_WARN_UNGUARDED_AVAILABILITY = YES_AGGRESSIVE;
				CLANG_WARN_UNREACHABLE_CODE = YES;
				CLANG_WARN__DUPLICATE_METHOD_MATCH = YES;
				COPY_PHASE_STRIP = NO;
				DEBUG_INFORMATION_FORMAT = "dwarf-with-dsym";
				ENABLE_NS_ASSERTIONS = NO;
				ENABLE_STRICT_OBJC_MSGSEND = YES;
				GCC_C_LANGUAGE_STANDARD = gnu11;
				GCC_NO_COMMON_BLOCKS = YES;
				GCC_WARN_64_TO_32_BIT_CONVERSION = YES;
				GCC_WARN_ABOUT_RETURN_TYPE = YES_ERROR;
				GCC_WARN_UNDECLARED_SELECTOR = YES;
				GCC_WARN_UNINITIALIZED_AUTOS = YES_AGGRESSIVE;
				GCC_WARN_UNUSED_FUNCTION = YES;
				GCC_WARN_UNUSED_VARIABLE = YES;
				IPHONEOS_DEPLOYMENT_TARGET = 15.2;
				MTL_ENABLE_DEBUG_INFO = NO;
				MTL_FAST_MATH = YES;
				SDKROOT = iphoneos;
				SWIFT_COMPILATION_MODE = wholemodule;
				SWIFT_OPTIMIZATION_LEVEL = "-O";
				VALIDATE_PRODUCT = YES;
			};
			name = Release;
		};
		81404EB327D774D10069A9F0 /* Debug */ = {
			isa = XCBuildConfiguration;
			buildSettings = {
				ASSETCATALOG_COMPILER_APPICON_NAME = AppIcon;
				ASSETCATALOG_COMPILER_GLOBAL_ACCENT_COLOR_NAME = AccentColor;
				CODE_SIGN_STYLE = Automatic;
				CURRENT_PROJECT_VERSION = 1;
				DEVELOPMENT_ASSET_PATHS = "\"VideoPlayerExample/Preview Content\"";
				ENABLE_PREVIEWS = YES;
				GENERATE_INFOPLIST_FILE = YES;
				INFOPLIST_KEY_UIApplicationSceneManifest_Generation = YES;
				INFOPLIST_KEY_UIApplicationSupportsIndirectInputEvents = YES;
				INFOPLIST_KEY_UILaunchScreen_Generation = YES;
				INFOPLIST_KEY_UISupportedInterfaceOrientations_iPad = "UIInterfaceOrientationPortrait UIInterfaceOrientationPortraitUpsideDown UIInterfaceOrientationLandscapeLeft UIInterfaceOrientationLandscapeRight";
				INFOPLIST_KEY_UISupportedInterfaceOrientations_iPhone = "UIInterfaceOrientationPortrait UIInterfaceOrientationLandscapeLeft UIInterfaceOrientationLandscapeRight";
				LD_RUNPATH_SEARCH_PATHS = (
					"$(inherited)",
					"@executable_path/Frameworks",
				);
				MARKETING_VERSION = 1.0;
				PRODUCT_BUNDLE_IDENTIFIER = ca.on.lcs.VideoPlayerExample;
				PRODUCT_NAME = "$(TARGET_NAME)";
				SWIFT_EMIT_LOC_STRINGS = YES;
				SWIFT_VERSION = 5.0;
				TARGETED_DEVICE_FAMILY = "1,2";
			};
			name = Debug;
		};
		81404EB427D774D10069A9F0 /* Release */ = {
			isa = XCBuildConfiguration;
			buildSettings = {
				ASSETCATALOG_COMPILER_APPICON_NAME = AppIcon;
				ASSETCATALOG_COMPILER_GLOBAL_ACCENT_COLOR_NAME = AccentColor;
				CODE_SIGN_STYLE = Automatic;
				CURRENT_PROJECT_VERSION = 1;
				DEVELOPMENT_ASSET_PATHS = "\"VideoPlayerExample/Preview Content\"";
				ENABLE_PREVIEWS = YES;
				GENERATE_INFOPLIST_FILE = YES;
				INFOPLIST_KEY_UIApplicationSceneManifest_Generation = YES;
				INFOPLIST_KEY_UIApplicationSupportsIndirectInputEvents = YES;
				INFOPLIST_KEY_UILaunchScreen_Generation = YES;
				INFOPLIST_KEY_UISupportedInterfaceOrientations_iPad = "UIInterfaceOrientationPortrait UIInterfaceOrientationPortraitUpsideDown UIInterfaceOrientationLandscapeLeft UIInterfaceOrientationLandscapeRight";
				INFOPLIST_KEY_UISupportedInterfaceOrientations_iPhone = "UIInterfaceOrientationPortrait UIInterfaceOrientationLandscapeLeft UIInterfaceOrientationLandscapeRight";
				LD_RUNPATH_SEARCH_PATHS = (
					"$(inherited)",
					"@executable_path/Frameworks",
				);
				MARKETING_VERSION = 1.0;
				PRODUCT_BUNDLE_IDENTIFIER = ca.on.lcs.VideoPlayerExample;
				PRODUCT_NAME = "$(TARGET_NAME)";
				SWIFT_EMIT_LOC_STRINGS = YES;
				SWIFT_VERSION = 5.0;
				TARGETED_DEVICE_FAMILY = "1,2";
			};
			name = Release;
		};
/* End XCBuildConfiguration section */

/* Begin XCConfigurationList section */
		81404E9F27D774D00069A9F0 /* Build configuration list for PBXProject "VideoPlayerExample" */ = {
			isa = XCConfigurationList;
			buildConfigurations = (
				81404EB027D774D10069A9F0 /* Debug */,
				81404EB127D774D10069A9F0 /* Release */,
			);
			defaultConfigurationIsVisible = 0;
			defaultConfigurationName = Release;
		};
		81404EB227D774D10069A9F0 /* Build configuration list for PBXNativeTarget "VideoPlayerExample" */ = {
			isa = XCConfigurationList;
			buildConfigurations = (
				81404EB327D774D10069A9F0 /* Debug */,
				81404EB427D774D10069A9F0 /* Release */,
			);
			defaultConfigurationIsVisible = 0;
			defaultConfigurationName = Release;
		};
/* End XCConfigurationList section */
	};
	rootObject = 81404E9C27D774D00069A9F0 /* Project object */;
}
